// !$*UTF8*$!
{
	archiveVersion = 1;
	classes = {
	};
	objectVersion = 52;
	objects = {

/* Begin PBXBuildFile section */
		E83A8541251DF5F300B1734D /* KlimaApp.swift in Sources */ = {isa = PBXBuildFile; fileRef = E83A8540251DF5F300B1734D /* KlimaApp.swift */; };
		E83A8543251DF5F300B1734D /* ContentView.swift in Sources */ = {isa = PBXBuildFile; fileRef = E83A8542251DF5F300B1734D /* ContentView.swift */; };
		E83A8545251DF5F400B1734D /* Assets.xcassets in Resources */ = {isa = PBXBuildFile; fileRef = E83A8544251DF5F400B1734D /* Assets.xcassets */; };
		E83A8548251DF5F400B1734D /* Preview Assets.xcassets in Resources */ = {isa = PBXBuildFile; fileRef = E83A8547251DF5F400B1734D /* Preview Assets.xcassets */; };
		E83A8551251DF72000B1734D /* OverviewView.swift in Sources */ = {isa = PBXBuildFile; fileRef = E83A8550251DF72000B1734D /* OverviewView.swift */; };
		E83A8554251DF76400B1734D /* SharingView.swift in Sources */ = {isa = PBXBuildFile; fileRef = E83A8553251DF76400B1734D /* SharingView.swift */; };
		E83A8557251DFBD200B1734D /* ProgressBar.swift in Sources */ = {isa = PBXBuildFile; fileRef = E83A8556251DFBD200B1734D /* ProgressBar.swift */; };
		E83A855B251DFFA300B1734D /* AddActivityButton.swift in Sources */ = {isa = PBXBuildFile; fileRef = E83A855A251DFFA300B1734D /* AddActivityButton.swift */; };
		E8446D78251F403200B2D21E /* WidgetKit.framework in Frameworks */ = {isa = PBXBuildFile; fileRef = E8446D77251F403200B2D21E /* WidgetKit.framework */; };
		E8446D7A251F403200B2D21E /* SwiftUI.framework in Frameworks */ = {isa = PBXBuildFile; fileRef = E8446D79251F403200B2D21E /* SwiftUI.framework */; };
		E8446D7D251F403200B2D21E /* Tip.swift in Sources */ = {isa = PBXBuildFile; fileRef = E8446D7C251F403200B2D21E /* Tip.swift */; };
		E8446D7F251F403500B2D21E /* Assets.xcassets in Resources */ = {isa = PBXBuildFile; fileRef = E8446D7E251F403500B2D21E /* Assets.xcassets */; };
		E8446D83251F403500B2D21E /* TipExtension.appex in Embed App Extensions */ = {isa = PBXBuildFile; fileRef = E8446D75251F403200B2D21E /* TipExtension.appex */; settings = {ATTRIBUTES = (RemoveHeadersOnCopy, ); }; };
		E86BB7C0251E6251006D61A2 /* Target.swift in Sources */ = {isa = PBXBuildFile; fileRef = E86BB7BF251E6251006D61A2 /* Target.swift */; };
		E86BB7C4251E646C006D61A2 /* CSV in Frameworks */ = {isa = PBXBuildFile; productRef = E86BB7C3251E646C006D61A2 /* CSV */; };
		E86BB7C7251E66BC006D61A2 /* TargetStore.swift in Sources */ = {isa = PBXBuildFile; fileRef = E86BB7C6251E66BC006D61A2 /* TargetStore.swift */; };
		E86BB7CB251E689D006D61A2 /* AddTargetView.swift in Sources */ = {isa = PBXBuildFile; fileRef = E86BB7CA251E689D006D61A2 /* AddTargetView.swift */; };
		E86BB7CE251E6B18006D61A2 /* individuelle_ziele.csv in Resources */ = {isa = PBXBuildFile; fileRef = E86BB7CD251E6B18006D61A2 /* individuelle_ziele.csv */; };
		E86BB7D3251E71F2006D61A2 /* TargetsView.swift in Sources */ = {isa = PBXBuildFile; fileRef = E86BB7D2251E71F2006D61A2 /* TargetsView.swift */; };
		E86BB7D7251E756C006D61A2 /* AddTargetButton.swift in Sources */ = {isa = PBXBuildFile; fileRef = E86BB7D6251E756C006D61A2 /* AddTargetButton.swift */; };
		E8AB1243251F4861008222FD /* FriendView.swift in Sources */ = {isa = PBXBuildFile; fileRef = E8AB1242251F4861008222FD /* FriendView.swift */; };
		E8AB1248251F4888008222FD /* Friend.swift in Sources */ = {isa = PBXBuildFile; fileRef = E8AB1247251F4888008222FD /* Friend.swift */; };
		E8AB124E251F48F3008222FD /* FriendStore.swift in Sources */ = {isa = PBXBuildFile; fileRef = E8AB124D251F48F3008222FD /* FriendStore.swift */; };
		E8EC994B251E7E9E00BD234D /* TargetSelectItem.swift in Sources */ = {isa = PBXBuildFile; fileRef = E8EC994A251E7E9E00BD234D /* TargetSelectItem.swift */; };
		E8EC994E251E82B300BD234D /* Daten_kurz_v1.csv in Resources */ = {isa = PBXBuildFile; fileRef = E8EC994D251E82B300BD234D /* Daten_kurz_v1.csv */; };
		E8EC9955251F2B5100BD234D /* TargetView.swift in Sources */ = {isa = PBXBuildFile; fileRef = E8EC9954251F2B5100BD234D /* TargetView.swift */; };
/* End PBXBuildFile section */

/* Begin PBXContainerItemProxy section */
		E8446D81251F403500B2D21E /* PBXContainerItemProxy */ = {
			isa = PBXContainerItemProxy;
			containerPortal = E83A8535251DF5F300B1734D /* Project object */;
			proxyType = 1;
			remoteGlobalIDString = E8446D74251F403200B2D21E;
			remoteInfo = TipExtension;
		};
/* End PBXContainerItemProxy section */

/* Begin PBXCopyFilesBuildPhase section */
		E8446D87251F403500B2D21E /* Embed App Extensions */ = {
			isa = PBXCopyFilesBuildPhase;
			buildActionMask = 2147483647;
			dstPath = "";
			dstSubfolderSpec = 13;
			files = (
				E8446D83251F403500B2D21E /* TipExtension.appex in Embed App Extensions */,
			);
			name = "Embed App Extensions";
			runOnlyForDeploymentPostprocessing = 0;
		};
/* End PBXCopyFilesBuildPhase section */

/* Begin PBXFileReference section */
		E83A853D251DF5F300B1734D /* Klima.app */ = {isa = PBXFileReference; explicitFileType = wrapper.application; includeInIndex = 0; path = Klima.app; sourceTree = BUILT_PRODUCTS_DIR; };
		E83A8540251DF5F300B1734D /* KlimaApp.swift */ = {isa = PBXFileReference; lastKnownFileType = sourcecode.swift; path = KlimaApp.swift; sourceTree = "<group>"; };
		E83A8542251DF5F300B1734D /* ContentView.swift */ = {isa = PBXFileReference; lastKnownFileType = sourcecode.swift; path = ContentView.swift; sourceTree = "<group>"; };
		E83A8544251DF5F400B1734D /* Assets.xcassets */ = {isa = PBXFileReference; lastKnownFileType = folder.assetcatalog; path = Assets.xcassets; sourceTree = "<group>"; };
		E83A8547251DF5F400B1734D /* Preview Assets.xcassets */ = {isa = PBXFileReference; lastKnownFileType = folder.assetcatalog; path = "Preview Assets.xcassets"; sourceTree = "<group>"; };
		E83A8549251DF5F400B1734D /* Info.plist */ = {isa = PBXFileReference; lastKnownFileType = text.plist.xml; path = Info.plist; sourceTree = "<group>"; };
		E83A8550251DF72000B1734D /* OverviewView.swift */ = {isa = PBXFileReference; lastKnownFileType = sourcecode.swift; path = OverviewView.swift; sourceTree = "<group>"; };
		E83A8553251DF76400B1734D /* SharingView.swift */ = {isa = PBXFileReference; lastKnownFileType = sourcecode.swift; path = SharingView.swift; sourceTree = "<group>"; };
		E83A8556251DFBD200B1734D /* ProgressBar.swift */ = {isa = PBXFileReference; lastKnownFileType = sourcecode.swift; path = ProgressBar.swift; sourceTree = "<group>"; };
		E83A855A251DFFA300B1734D /* AddActivityButton.swift */ = {isa = PBXFileReference; lastKnownFileType = sourcecode.swift; path = AddActivityButton.swift; sourceTree = "<group>"; };
		E8446D75251F403200B2D21E /* TipExtension.appex */ = {isa = PBXFileReference; explicitFileType = "wrapper.app-extension"; includeInIndex = 0; path = TipExtension.appex; sourceTree = BUILT_PRODUCTS_DIR; };
		E8446D77251F403200B2D21E /* WidgetKit.framework */ = {isa = PBXFileReference; lastKnownFileType = wrapper.framework; name = WidgetKit.framework; path = System/Library/Frameworks/WidgetKit.framework; sourceTree = SDKROOT; };
		E8446D79251F403200B2D21E /* SwiftUI.framework */ = {isa = PBXFileReference; lastKnownFileType = wrapper.framework; name = SwiftUI.framework; path = System/Library/Frameworks/SwiftUI.framework; sourceTree = SDKROOT; };
		E8446D7C251F403200B2D21E /* Tip.swift */ = {isa = PBXFileReference; lastKnownFileType = sourcecode.swift; path = Tip.swift; sourceTree = "<group>"; };
		E8446D7E251F403500B2D21E /* Assets.xcassets */ = {isa = PBXFileReference; lastKnownFileType = folder.assetcatalog; path = Assets.xcassets; sourceTree = "<group>"; };
		E8446D80251F403500B2D21E /* Info.plist */ = {isa = PBXFileReference; lastKnownFileType = text.plist.xml; path = Info.plist; sourceTree = "<group>"; };
		E86BB7BF251E6251006D61A2 /* Target.swift */ = {isa = PBXFileReference; lastKnownFileType = sourcecode.swift; path = Target.swift; sourceTree = "<group>"; };
		E86BB7C6251E66BC006D61A2 /* TargetStore.swift */ = {isa = PBXFileReference; lastKnownFileType = sourcecode.swift; path = TargetStore.swift; sourceTree = "<group>"; };
		E86BB7CA251E689D006D61A2 /* AddTargetView.swift */ = {isa = PBXFileReference; lastKnownFileType = sourcecode.swift; path = AddTargetView.swift; sourceTree = "<group>"; };
		E86BB7CD251E6B18006D61A2 /* individuelle_ziele.csv */ = {isa = PBXFileReference; lastKnownFileType = text; name = individuelle_ziele.csv; path = data/individuelle_ziele.csv; sourceTree = "<group>"; };
		E86BB7D2251E71F2006D61A2 /* TargetsView.swift */ = {isa = PBXFileReference; lastKnownFileType = sourcecode.swift; path = TargetsView.swift; sourceTree = "<group>"; };
		E86BB7D6251E756C006D61A2 /* AddTargetButton.swift */ = {isa = PBXFileReference; lastKnownFileType = sourcecode.swift; path = AddTargetButton.swift; sourceTree = "<group>"; };
		E8AB1242251F4861008222FD /* FriendView.swift */ = {isa = PBXFileReference; lastKnownFileType = sourcecode.swift; path = FriendView.swift; sourceTree = "<group>"; };
		E8AB1247251F4888008222FD /* Friend.swift */ = {isa = PBXFileReference; lastKnownFileType = sourcecode.swift; path = Friend.swift; sourceTree = "<group>"; };
		E8AB124D251F48F3008222FD /* FriendStore.swift */ = {isa = PBXFileReference; lastKnownFileType = sourcecode.swift; path = FriendStore.swift; sourceTree = "<group>"; };
		E8AB1257251F539B008222FD /* Klima.entitlements */ = {isa = PBXFileReference; lastKnownFileType = text.plist.entitlements; path = Klima.entitlements; sourceTree = "<group>"; };
		E8EC994A251E7E9E00BD234D /* TargetSelectItem.swift */ = {isa = PBXFileReference; lastKnownFileType = sourcecode.swift; path = TargetSelectItem.swift; sourceTree = "<group>"; };
		E8EC994D251E82B300BD234D /* Daten_kurz_v1.csv */ = {isa = PBXFileReference; fileEncoding = 4; lastKnownFileType = text; path = Daten_kurz_v1.csv; sourceTree = "<group>"; };
		E8EC9954251F2B5100BD234D /* TargetView.swift */ = {isa = PBXFileReference; lastKnownFileType = sourcecode.swift; path = TargetView.swift; sourceTree = "<group>"; };
/* End PBXFileReference section */

/* Begin PBXFrameworksBuildPhase section */
		E83A853A251DF5F300B1734D /* Frameworks */ = {
			isa = PBXFrameworksBuildPhase;
			buildActionMask = 2147483647;
			files = (
				E86BB7C4251E646C006D61A2 /* CSV in Frameworks */,
			);
			runOnlyForDeploymentPostprocessing = 0;
		};
		E8446D72251F403200B2D21E /* Frameworks */ = {
			isa = PBXFrameworksBuildPhase;
			buildActionMask = 2147483647;
			files = (
				E8446D7A251F403200B2D21E /* SwiftUI.framework in Frameworks */,
				E8446D78251F403200B2D21E /* WidgetKit.framework in Frameworks */,
			);
			runOnlyForDeploymentPostprocessing = 0;
		};
/* End PBXFrameworksBuildPhase section */

/* Begin PBXGroup section */
		E83A8534251DF5F300B1734D = {
			isa = PBXGroup;
			children = (
				E86BB7CD251E6B18006D61A2 /* individuelle_ziele.csv */,
				E8EC994D251E82B300BD234D /* Daten_kurz_v1.csv */,
				E83A853F251DF5F300B1734D /* Klima */,
				E8446D7B251F403200B2D21E /* Tip */,
				E8446D76251F403200B2D21E /* Frameworks */,
				E83A853E251DF5F300B1734D /* Products */,
			);
			sourceTree = "<group>";
		};
		E83A853E251DF5F300B1734D /* Products */ = {
			isa = PBXGroup;
			children = (
				E83A853D251DF5F300B1734D /* Klima.app */,
				E8446D75251F403200B2D21E /* TipExtension.appex */,
			);
			name = Products;
			sourceTree = "<group>";
		};
		E83A853F251DF5F300B1734D /* Klima */ = {
			isa = PBXGroup;
			children = (
				E8AB1257251F539B008222FD /* Klima.entitlements */,
				E86BB7BE251E6245006D61A2 /* Target */,
				E83A855F251E0C6500B1734D /* Friends */,
				E83A855E251E0C5900B1734D /* Overview */,
				E83A8559251DFF8800B1734D /* Activity */,
				E83A8540251DF5F300B1734D /* KlimaApp.swift */,
				E83A8542251DF5F300B1734D /* ContentView.swift */,
				E83A8544251DF5F400B1734D /* Assets.xcassets */,
				E83A8549251DF5F400B1734D /* Info.plist */,
				E83A8546251DF5F400B1734D /* Preview Content */,
				E83A8556251DFBD200B1734D /* ProgressBar.swift */,
			);
			path = Klima;
			sourceTree = "<group>";
		};
		E83A8546251DF5F400B1734D /* Preview Content */ = {
			isa = PBXGroup;
			children = (
				E83A8547251DF5F400B1734D /* Preview Assets.xcassets */,
			);
			path = "Preview Content";
			sourceTree = "<group>";
		};
		E83A8559251DFF8800B1734D /* Activity */ = {
			isa = PBXGroup;
			children = (
				E83A855A251DFFA300B1734D /* AddActivityButton.swift */,
			);
			path = Activity;
			sourceTree = "<group>";
		};
		E83A855E251E0C5900B1734D /* Overview */ = {
			isa = PBXGroup;
			children = (
				E83A8550251DF72000B1734D /* OverviewView.swift */,
			);
			path = Overview;
			sourceTree = "<group>";
		};
		E83A855F251E0C6500B1734D /* Friends */ = {
			isa = PBXGroup;
			children = (
				E8AB1246251F4876008222FD /* Views */,
				E8AB1247251F4888008222FD /* Friend.swift */,
				E8AB124D251F48F3008222FD /* FriendStore.swift */,
			);
			path = Friends;
			sourceTree = "<group>";
		};
		E8446D76251F403200B2D21E /* Frameworks */ = {
			isa = PBXGroup;
			children = (
				E8446D77251F403200B2D21E /* WidgetKit.framework */,
				E8446D79251F403200B2D21E /* SwiftUI.framework */,
			);
			name = Frameworks;
			sourceTree = "<group>";
		};
		E8446D7B251F403200B2D21E /* Tip */ = {
			isa = PBXGroup;
			children = (
				E8446D7C251F403200B2D21E /* Tip.swift */,
				E8446D7E251F403500B2D21E /* Assets.xcassets */,
				E8446D80251F403500B2D21E /* Info.plist */,
			);
			path = Tip;
			sourceTree = "<group>";
		};
		E86BB7BE251E6245006D61A2 /* Target */ = {
			isa = PBXGroup;
			children = (
				E86BB7C9251E6890006D61A2 /* Views */,
				E86BB7BF251E6251006D61A2 /* Target.swift */,
				E86BB7C6251E66BC006D61A2 /* TargetStore.swift */,
			);
			path = Target;
			sourceTree = "<group>";
		};
		E86BB7C9251E6890006D61A2 /* Views */ = {
			isa = PBXGroup;
			children = (
				E86BB7D0251E71BF006D61A2 /* AddTarget */,
				E86BB7D2251E71F2006D61A2 /* TargetsView.swift */,
				E8EC9954251F2B5100BD234D /* TargetView.swift */,
			);
			path = Views;
			sourceTree = "<group>";
		};
		E86BB7D0251E71BF006D61A2 /* AddTarget */ = {
			isa = PBXGroup;
			children = (
				E86BB7CA251E689D006D61A2 /* AddTargetView.swift */,
				E86BB7D6251E756C006D61A2 /* AddTargetButton.swift */,
				E8EC994A251E7E9E00BD234D /* TargetSelectItem.swift */,
			);
			path = AddTarget;
			sourceTree = "<group>";
		};
		E8AB1246251F4876008222FD /* Views */ = {
			isa = PBXGroup;
			children = (
				E83A8553251DF76400B1734D /* SharingView.swift */,
				E8AB1242251F4861008222FD /* FriendView.swift */,
			);
			path = Views;
			sourceTree = "<group>";
		};
/* End PBXGroup section */

/* Begin PBXNativeTarget section */
		E83A853C251DF5F300B1734D /* Klima */ = {
			isa = PBXNativeTarget;
			buildConfigurationList = E83A854C251DF5F400B1734D /* Build configuration list for PBXNativeTarget "Klima" */;
			buildPhases = (
				E83A8539251DF5F300B1734D /* Sources */,
				E83A853A251DF5F300B1734D /* Frameworks */,
				E83A853B251DF5F300B1734D /* Resources */,
				E8446D87251F403500B2D21E /* Embed App Extensions */,
			);
			buildRules = (
			);
			dependencies = (
				E8446D82251F403500B2D21E /* PBXTargetDependency */,
			);
			name = Klima;
			packageProductDependencies = (
				E86BB7C3251E646C006D61A2 /* CSV */,
			);
			productName = Klima;
			productReference = E83A853D251DF5F300B1734D /* Klima.app */;
			productType = "com.apple.product-type.application";
		};
		E8446D74251F403200B2D21E /* TipExtension */ = {
			isa = PBXNativeTarget;
			buildConfigurationList = E8446D84251F403500B2D21E /* Build configuration list for PBXNativeTarget "TipExtension" */;
			buildPhases = (
				E8446D71251F403200B2D21E /* Sources */,
				E8446D72251F403200B2D21E /* Frameworks */,
				E8446D73251F403200B2D21E /* Resources */,
			);
			buildRules = (
			);
			dependencies = (
			);
			name = TipExtension;
			productName = TipExtension;
			productReference = E8446D75251F403200B2D21E /* TipExtension.appex */;
			productType = "com.apple.product-type.app-extension";
		};
/* End PBXNativeTarget section */

/* Begin PBXProject section */
		E83A8535251DF5F300B1734D /* Project object */ = {
			isa = PBXProject;
			attributes = {
				LastSwiftUpdateCheck = 1200;
				LastUpgradeCheck = 1200;
				TargetAttributes = {
					E83A853C251DF5F300B1734D = {
						CreatedOnToolsVersion = 12.0;
					};
					E8446D74251F403200B2D21E = {
						CreatedOnToolsVersion = 12.0;
					};
				};
			};
			buildConfigurationList = E83A8538251DF5F300B1734D /* Build configuration list for PBXProject "Klima" */;
			compatibilityVersion = "Xcode 9.3";
			developmentRegion = en;
			hasScannedForEncodings = 0;
			knownRegions = (
				en,
				Base,
			);
			mainGroup = E83A8534251DF5F300B1734D;
			packageReferences = (
				E86BB7C2251E646C006D61A2 /* XCRemoteSwiftPackageReference "CSV.swift" */,
			);
			productRefGroup = E83A853E251DF5F300B1734D /* Products */;
			projectDirPath = "";
			projectRoot = "";
			targets = (
				E83A853C251DF5F300B1734D /* Klima */,
				E8446D74251F403200B2D21E /* TipExtension */,
			);
		};
/* End PBXProject section */

/* Begin PBXResourcesBuildPhase section */
		E83A853B251DF5F300B1734D /* Resources */ = {
			isa = PBXResourcesBuildPhase;
			buildActionMask = 2147483647;
			files = (
				E8EC994E251E82B300BD234D /* Daten_kurz_v1.csv in Resources */,
				E86BB7CE251E6B18006D61A2 /* individuelle_ziele.csv in Resources */,
				E83A8548251DF5F400B1734D /* Preview Assets.xcassets in Resources */,
				E83A8545251DF5F400B1734D /* Assets.xcassets in Resources */,
			);
			runOnlyForDeploymentPostprocessing = 0;
		};
		E8446D73251F403200B2D21E /* Resources */ = {
			isa = PBXResourcesBuildPhase;
			buildActionMask = 2147483647;
			files = (
				E8446D7F251F403500B2D21E /* Assets.xcassets in Resources */,
			);
			runOnlyForDeploymentPostprocessing = 0;
		};
/* End PBXResourcesBuildPhase section */

/* Begin PBXSourcesBuildPhase section */
		E83A8539251DF5F300B1734D /* Sources */ = {
			isa = PBXSourcesBuildPhase;
			buildActionMask = 2147483647;
			files = (
				E8AB1243251F4861008222FD /* FriendView.swift in Sources */,
				E8AB124E251F48F3008222FD /* FriendStore.swift in Sources */,
				E8EC9955251F2B5100BD234D /* TargetView.swift in Sources */,
				E86BB7D7251E756C006D61A2 /* AddTargetButton.swift in Sources */,
				E86BB7C7251E66BC006D61A2 /* TargetStore.swift in Sources */,
				E83A855B251DFFA300B1734D /* AddActivityButton.swift in Sources */,
				E83A8543251DF5F300B1734D /* ContentView.swift in Sources */,
				E86BB7D3251E71F2006D61A2 /* TargetsView.swift in Sources */,
				E86BB7C0251E6251006D61A2 /* Target.swift in Sources */,
				E83A8551251DF72000B1734D /* OverviewView.swift in Sources */,
				E8EC994B251E7E9E00BD234D /* TargetSelectItem.swift in Sources */,
				E83A8541251DF5F300B1734D /* KlimaApp.swift in Sources */,
				E83A8557251DFBD200B1734D /* ProgressBar.swift in Sources */,
				E8AB1248251F4888008222FD /* Friend.swift in Sources */,
				E83A8554251DF76400B1734D /* SharingView.swift in Sources */,
				E86BB7CB251E689D006D61A2 /* AddTargetView.swift in Sources */,
			);
			runOnlyForDeploymentPostprocessing = 0;
		};
		E8446D71251F403200B2D21E /* Sources */ = {
			isa = PBXSourcesBuildPhase;
			buildActionMask = 2147483647;
			files = (
				E8446D7D251F403200B2D21E /* Tip.swift in Sources */,
			);
			runOnlyForDeploymentPostprocessing = 0;
		};
/* End PBXSourcesBuildPhase section */

/* Begin PBXTargetDependency section */
		E8446D82251F403500B2D21E /* PBXTargetDependency */ = {
			isa = PBXTargetDependency;
			target = E8446D74251F403200B2D21E /* TipExtension */;
			targetProxy = E8446D81251F403500B2D21E /* PBXContainerItemProxy */;
		};
/* End PBXTargetDependency section */

/* Begin XCBuildConfiguration section */
		E83A854A251DF5F400B1734D /* Debug */ = {
			isa = XCBuildConfiguration;
			buildSettings = {
				ALWAYS_SEARCH_USER_PATHS = NO;
				CLANG_ANALYZER_NONNULL = YES;
				CLANG_ANALYZER_NUMBER_OBJECT_CONVERSION = YES_AGGRESSIVE;
				CLANG_CXX_LANGUAGE_STANDARD = "gnu++14";
				CLANG_CXX_LIBRARY = "libc++";
				CLANG_ENABLE_MODULES = YES;
				CLANG_ENABLE_OBJC_ARC = YES;
				CLANG_ENABLE_OBJC_WEAK = YES;
				CLANG_WARN_BLOCK_CAPTURE_AUTORELEASING = YES;
				CLANG_WARN_BOOL_CONVERSION = YES;
				CLANG_WARN_COMMA = YES;
				CLANG_WARN_CONSTANT_CONVERSION = YES;
				CLANG_WARN_DEPRECATED_OBJC_IMPLEMENTATIONS = YES;
				CLANG_WARN_DIRECT_OBJC_ISA_USAGE = YES_ERROR;
				CLANG_WARN_DOCUMENTATION_COMMENTS = YES;
				CLANG_WARN_EMPTY_BODY = YES;
				CLANG_WARN_ENUM_CONVERSION = YES;
				CLANG_WARN_INFINITE_RECURSION = YES;
				CLANG_WARN_INT_CONVERSION = YES;
				CLANG_WARN_NON_LITERAL_NULL_CONVERSION = YES;
				CLANG_WARN_OBJC_IMPLICIT_RETAIN_SELF = YES;
				CLANG_WARN_OBJC_LITERAL_CONVERSION = YES;
				CLANG_WARN_OBJC_ROOT_CLASS = YES_ERROR;
				CLANG_WARN_QUOTED_INCLUDE_IN_FRAMEWORK_HEADER = YES;
				CLANG_WARN_RANGE_LOOP_ANALYSIS = YES;
				CLANG_WARN_STRICT_PROTOTYPES = YES;
				CLANG_WARN_SUSPICIOUS_MOVE = YES;
				CLANG_WARN_UNGUARDED_AVAILABILITY = YES_AGGRESSIVE;
				CLANG_WARN_UNREACHABLE_CODE = YES;
				CLANG_WARN__DUPLICATE_METHOD_MATCH = YES;
				COPY_PHASE_STRIP = NO;
				DEBUG_INFORMATION_FORMAT = dwarf;
				ENABLE_STRICT_OBJC_MSGSEND = YES;
				ENABLE_TESTABILITY = YES;
				GCC_C_LANGUAGE_STANDARD = gnu11;
				GCC_DYNAMIC_NO_PIC = NO;
				GCC_NO_COMMON_BLOCKS = YES;
				GCC_OPTIMIZATION_LEVEL = 0;
				GCC_PREPROCESSOR_DEFINITIONS = (
					"DEBUG=1",
					"$(inherited)",
				);
				GCC_WARN_64_TO_32_BIT_CONVERSION = YES;
				GCC_WARN_ABOUT_RETURN_TYPE = YES_ERROR;
				GCC_WARN_UNDECLARED_SELECTOR = YES;
				GCC_WARN_UNINITIALIZED_AUTOS = YES_AGGRESSIVE;
				GCC_WARN_UNUSED_FUNCTION = YES;
				GCC_WARN_UNUSED_VARIABLE = YES;
				IPHONEOS_DEPLOYMENT_TARGET = 14.0;
				MTL_ENABLE_DEBUG_INFO = INCLUDE_SOURCE;
				MTL_FAST_MATH = YES;
				ONLY_ACTIVE_ARCH = YES;
				SDKROOT = iphoneos;
				SWIFT_ACTIVE_COMPILATION_CONDITIONS = DEBUG;
				SWIFT_OPTIMIZATION_LEVEL = "-Onone";
			};
			name = Debug;
		};
		E83A854B251DF5F400B1734D /* Release */ = {
			isa = XCBuildConfiguration;
			buildSettings = {
				ALWAYS_SEARCH_USER_PATHS = NO;
				CLANG_ANALYZER_NONNULL = YES;
				CLANG_ANALYZER_NUMBER_OBJECT_CONVERSION = YES_AGGRESSIVE;
				CLANG_CXX_LANGUAGE_STANDARD = "gnu++14";
				CLANG_CXX_LIBRARY = "libc++";
				CLANG_ENABLE_MODULES = YES;
				CLANG_ENABLE_OBJC_ARC = YES;
				CLANG_ENABLE_OBJC_WEAK = YES;
				CLANG_WARN_BLOCK_CAPTURE_AUTORELEASING = YES;
				CLANG_WARN_BOOL_CONVERSION = YES;
				CLANG_WARN_COMMA = YES;
				CLANG_WARN_CONSTANT_CONVERSION = YES;
				CLANG_WARN_DEPRECATED_OBJC_IMPLEMENTATIONS = YES;
				CLANG_WARN_DIRECT_OBJC_ISA_USAGE = YES_ERROR;
				CLANG_WARN_DOCUMENTATION_COMMENTS = YES;
				CLANG_WARN_EMPTY_BODY = YES;
				CLANG_WARN_ENUM_CONVERSION = YES;
				CLANG_WARN_INFINITE_RECURSION = YES;
				CLANG_WARN_INT_CONVERSION = YES;
				CLANG_WARN_NON_LITERAL_NULL_CONVERSION = YES;
				CLANG_WARN_OBJC_IMPLICIT_RETAIN_SELF = YES;
				CLANG_WARN_OBJC_LITERAL_CONVERSION = YES;
				CLANG_WARN_OBJC_ROOT_CLASS = YES_ERROR;
				CLANG_WARN_QUOTED_INCLUDE_IN_FRAMEWORK_HEADER = YES;
				CLANG_WARN_RANGE_LOOP_ANALYSIS = YES;
				CLANG_WARN_STRICT_PROTOTYPES = YES;
				CLANG_WARN_SUSPICIOUS_MOVE = YES;
				CLANG_WARN_UNGUARDED_AVAILABILITY = YES_AGGRESSIVE;
				CLANG_WARN_UNREACHABLE_CODE = YES;
				CLANG_WARN__DUPLICATE_METHOD_MATCH = YES;
				COPY_PHASE_STRIP = NO;
				DEBUG_INFORMATION_FORMAT = "dwarf-with-dsym";
				ENABLE_NS_ASSERTIONS = NO;
				ENABLE_STRICT_OBJC_MSGSEND = YES;
				GCC_C_LANGUAGE_STANDARD = gnu11;
				GCC_NO_COMMON_BLOCKS = YES;
				GCC_WARN_64_TO_32_BIT_CONVERSION = YES;
				GCC_WARN_ABOUT_RETURN_TYPE = YES_ERROR;
				GCC_WARN_UNDECLARED_SELECTOR = YES;
				GCC_WARN_UNINITIALIZED_AUTOS = YES_AGGRESSIVE;
				GCC_WARN_UNUSED_FUNCTION = YES;
				GCC_WARN_UNUSED_VARIABLE = YES;
				IPHONEOS_DEPLOYMENT_TARGET = 14.0;
				MTL_ENABLE_DEBUG_INFO = NO;
				MTL_FAST_MATH = YES;
				SDKROOT = iphoneos;
				SWIFT_COMPILATION_MODE = wholemodule;
				SWIFT_OPTIMIZATION_LEVEL = "-O";
				VALIDATE_PRODUCT = YES;
			};
			name = Release;
		};
		E83A854D251DF5F400B1734D /* Debug */ = {
			isa = XCBuildConfiguration;
			buildSettings = {
				ALWAYS_EMBED_SWIFT_STANDARD_LIBRARIES = YES;
				ASSETCATALOG_COMPILER_APPICON_NAME = AppIcon;
				ASSETCATALOG_COMPILER_GLOBAL_ACCENT_COLOR_NAME = AccentColor;
				CODE_SIGN_ENTITLEMENTS = Klima/Klima.entitlements;
				CODE_SIGN_IDENTITY = "Apple Development";
				CODE_SIGN_STYLE = Automatic;
				DEVELOPMENT_ASSET_PATHS = "\"Klima/Preview Content\"";
				DEVELOPMENT_TEAM = ZF99GE9R5W;
				ENABLE_PREVIEWS = YES;
				INFOPLIST_FILE = Klima/Info.plist;
				IPHONEOS_DEPLOYMENT_TARGET = 14.0;
				LD_RUNPATH_SEARCH_PATHS = (
					"$(inherited)",
					"@executable_path/Frameworks",
				);
				PRODUCT_BUNDLE_IDENTIFIER = com.test.Klima;
				PRODUCT_NAME = "$(TARGET_NAME)";
				PROVISIONING_PROFILE_SPECIFIER = "";
				SWIFT_VERSION = 5.0;
				TARGETED_DEVICE_FAMILY = "1,2";
			};
			name = Debug;
		};
		E83A854E251DF5F400B1734D /* Release */ = {
			isa = XCBuildConfiguration;
			buildSettings = {
				ALWAYS_EMBED_SWIFT_STANDARD_LIBRARIES = YES;
				ASSETCATALOG_COMPILER_APPICON_NAME = AppIcon;
				ASSETCATALOG_COMPILER_GLOBAL_ACCENT_COLOR_NAME = AccentColor;
				CODE_SIGN_ENTITLEMENTS = Klima/Klima.entitlements;
				CODE_SIGN_IDENTITY = "Apple Development";
				CODE_SIGN_STYLE = Automatic;
				DEVELOPMENT_ASSET_PATHS = "\"Klima/Preview Content\"";
				DEVELOPMENT_TEAM = ZF99GE9R5W;
				ENABLE_PREVIEWS = YES;
				INFOPLIST_FILE = Klima/Info.plist;
				IPHONEOS_DEPLOYMENT_TARGET = 14.0;
				LD_RUNPATH_SEARCH_PATHS = (
					"$(inherited)",
					"@executable_path/Frameworks",
				);
				PRODUCT_BUNDLE_IDENTIFIER = com.test.Klima;
				PRODUCT_NAME = "$(TARGET_NAME)";
				PROVISIONING_PROFILE_SPECIFIER = "";
				SWIFT_VERSION = 5.0;
				TARGETED_DEVICE_FAMILY = "1,2";
			};
			name = Release;
		};
		E8446D85251F403500B2D21E /* Debug */ = {
			isa = XCBuildConfiguration;
			buildSettings = {
				ASSETCATALOG_COMPILER_GLOBAL_ACCENT_COLOR_NAME = AccentColor;
				ASSETCATALOG_COMPILER_WIDGET_BACKGROUND_COLOR_NAME = WidgetBackground;
				CODE_SIGN_STYLE = Automatic;
				DEVELOPMENT_TEAM = WFE8H575L7;
				INFOPLIST_FILE = Tip/Info.plist;
				LD_RUNPATH_SEARCH_PATHS = (
					"$(inherited)",
					"@executable_path/Frameworks",
					"@executable_path/../../Frameworks",
				);
				PRODUCT_BUNDLE_IDENTIFIER = com.test.Klima.Tip;
				PRODUCT_NAME = "$(TARGET_NAME)";
				SKIP_INSTALL = YES;
				SWIFT_VERSION = 5.0;
				TARGETED_DEVICE_FAMILY = "1,2";
			};
			name = Debug;
		};
		E8446D86251F403500B2D21E /* Release */ = {
			isa = XCBuildConfiguration;
			buildSettings = {
				ASSETCATALOG_COMPILER_GLOBAL_ACCENT_COLOR_NAME = AccentColor;
				ASSETCATALOG_COMPILER_WIDGET_BACKGROUND_COLOR_NAME = WidgetBackground;
				CODE_SIGN_STYLE = Automatic;
				DEVELOPMENT_TEAM = WFE8H575L7;
				INFOPLIST_FILE = Tip/Info.plist;
				LD_RUNPATH_SEARCH_PATHS = (
					"$(inherited)",
					"@executable_path/Frameworks",
					"@executable_path/../../Frameworks",
				);
				PRODUCT_BUNDLE_IDENTIFIER = com.test.Klima.Tip;
				PRODUCT_NAME = "$(TARGET_NAME)";
				SKIP_INSTALL = YES;
				SWIFT_VERSION = 5.0;
				TARGETED_DEVICE_FAMILY = "1,2";
			};
			name = Release;
		};
/* End XCBuildConfiguration section */

/* Begin XCConfigurationList section */
		E83A8538251DF5F300B1734D /* Build configuration list for PBXProject "Klima" */ = {
			isa = XCConfigurationList;
			buildConfigurations = (
				E83A854A251DF5F400B1734D /* Debug */,
				E83A854B251DF5F400B1734D /* Release */,
			);
			defaultConfigurationIsVisible = 0;
			defaultConfigurationName = Release;
		};
		E83A854C251DF5F400B1734D /* Build configuration list for PBXNativeTarget "Klima" */ = {
			isa = XCConfigurationList;
			buildConfigurations = (
				E83A854D251DF5F400B1734D /* Debug */,
				E83A854E251DF5F400B1734D /* Release */,
			);
			defaultConfigurationIsVisible = 0;
			defaultConfigurationName = Release;
		};
		E8446D84251F403500B2D21E /* Build configuration list for PBXNativeTarget "TipExtension" */ = {
			isa = XCConfigurationList;
			buildConfigurations = (
				E8446D85251F403500B2D21E /* Debug */,
				E8446D86251F403500B2D21E /* Release */,
			);
			defaultConfigurationIsVisible = 0;
			defaultConfigurationName = Release;
		};
/* End XCConfigurationList section */

/* Begin XCRemoteSwiftPackageReference section */
		E86BB7C2251E646C006D61A2 /* XCRemoteSwiftPackageReference "CSV.swift" */ = {
			isa = XCRemoteSwiftPackageReference;
			repositoryURL = "https://github.com/yaslab/CSV.swift.git";
			requirement = {
				kind = upToNextMajorVersion;
				minimumVersion = 2.4.3;
			};
		};
/* End XCRemoteSwiftPackageReference section */

/* Begin XCSwiftPackageProductDependency section */
		E86BB7C3251E646C006D61A2 /* CSV */ = {
			isa = XCSwiftPackageProductDependency;
			package = E86BB7C2251E646C006D61A2 /* XCRemoteSwiftPackageReference "CSV.swift" */;
			productName = CSV;
		};
/* End XCSwiftPackageProductDependency section */
	};
	rootObject = E83A8535251DF5F300B1734D /* Project object */;
}
